// !$*UTF8*$!
{
	archiveVersion = 1;
	classes = {
	};
	objectVersion = 46;
	objects = {

/* Begin PBXBuildFile section */
		DD824B3E1E42878A0046424B /* AppDelegate.swift in Sources */ = {isa = PBXBuildFile; fileRef = DD824B3D1E42878A0046424B /* AppDelegate.swift */; };
		DD824B401E42878A0046424B /* ViewController.swift in Sources */ = {isa = PBXBuildFile; fileRef = DD824B3F1E42878A0046424B /* ViewController.swift */; };
		DD824B431E42878A0046424B /* Main.storyboard in Resources */ = {isa = PBXBuildFile; fileRef = DD824B411E42878A0046424B /* Main.storyboard */; };
		DD824B451E42878A0046424B /* Assets.xcassets in Resources */ = {isa = PBXBuildFile; fileRef = DD824B441E42878A0046424B /* Assets.xcassets */; };
		DD824B481E42878A0046424B /* LaunchScreen.storyboard in Resources */ = {isa = PBXBuildFile; fileRef = DD824B461E42878A0046424B /* LaunchScreen.storyboard */; };
/* End PBXBuildFile section */

/* Begin PBXFileReference section */
		DD824B3A1E42878A0046424B /* $125 Million App.app */ = {isa = PBXFileReference; explicitFileType = wrapper.application; includeInIndex = 0; path = "$125 Million App.app"; sourceTree = BUILT_PRODUCTS_DIR; };
		DD824B3D1E42878A0046424B /* AppDelegate.swift */ = {isa = PBXFileReference; lastKnownFileType = sourcecode.swift; path = AppDelegate.swift; sourceTree = "<group>"; };
		DD824B3F1E42878A0046424B /* ViewController.swift */ = {isa = PBXFileReference; lastKnownFileType = sourcecode.swift; path = ViewController.swift; sourceTree = "<group>"; };
		DD824B421E42878A0046424B /* Base */ = {isa = PBXFileReference; lastKnownFileType = file.storyboard; name = Base; path = Base.lproj/Main.storyboard; sourceTree = "<group>"; };
		DD824B441E42878A0046424B /* Assets.xcassets */ = {isa = PBXFileReference; lastKnownFileType = folder.assetcatalog; path = Assets.xcassets; sourceTree = "<group>"; };
		DD824B471E42878A0046424B /* Base */ = {isa = PBXFileReference; lastKnownFileType = file.storyboard; name = Base; path = Base.lproj/LaunchScreen.storyboard; sourceTree = "<group>"; };
		DD824B491E42878A0046424B /* Info.plist */ = {isa = PBXFileReference; lastKnownFileType = text.plist.xml; path = Info.plist; sourceTree = "<group>"; };
/* End PBXFileReference section */

/* Begin PBXFrameworksBuildPhase section */
		DD824B371E42878A0046424B /* Frameworks */ = {
			isa = PBXFrameworksBuildPhase;
			buildActionMask = 2147483647;
			files = (
			);
			runOnlyForDeploymentPostprocessing = 0;
		};
/* End PBXFrameworksBuildPhase section */

/* Begin PBXGroup section */
		DD824B311E42878A0046424B = {
			isa = PBXGroup;
			children = (
				DD824B3C1E42878A0046424B /* $125 Million App */,
				DD824B3B1E42878A0046424B /* Products */,
			);
			sourceTree = "<group>";
		};
		DD824B3B1E42878A0046424B /* Products */ = {
			isa = PBXGroup;
			children = (
				DD824B3A1E42878A0046424B /* $125 Million App.app */,
			);
			name = Products;
			sourceTree = "<group>";
		};
		DD824B3C1E42878A0046424B /* $125 Million App */ = {
			isa = PBXGroup;
			children = (
				DD824B3D1E42878A0046424B /* AppDelegate.swift */,
				DD824B3F1E42878A0046424B /* ViewController.swift */,
				DD824B411E42878A0046424B /* Main.storyboard */,
				DD824B441E42878A0046424B /* Assets.xcassets */,
				DD824B461E42878A0046424B /* LaunchScreen.storyboard */,
				DD824B491E42878A0046424B /* Info.plist */,
			);
			path = "$125 Million App";
			sourceTree = "<group>";
		};
/* End PBXGroup section */

/* Begin PBXNativeTarget section */
		DD824B391E42878A0046424B /* $125 Million App */ = {
			isa = PBXNativeTarget;
			buildConfigurationList = DD824B4C1E42878A0046424B /* Build configuration list for PBXNativeTarget "$125 Million App" */;
			buildPhases = (
				DD824B361E42878A0046424B /* Sources */,
				DD824B371E42878A0046424B /* Frameworks */,
				DD824B381E42878A0046424B /* Resources */,
			);
			buildRules = (
			);
			dependencies = (
			);
			name = "$125 Million App";
			productName = "$125 Million App";
			productReference = DD824B3A1E42878A0046424B /* $125 Million App.app */;
			productType = "com.apple.product-type.application";
		};
/* End PBXNativeTarget section */

/* Begin PBXProject section */
		DD824B321E42878A0046424B /* Project object */ = {
			isa = PBXProject;
			attributes = {
				LastSwiftUpdateCheck = 0820;
				LastUpgradeCheck = 0820;
				ORGANIZATIONNAME = Dady;
				TargetAttributes = {
					DD824B391E42878A0046424B = {
						CreatedOnToolsVersion = 8.2.1;
						DevelopmentTeam = E2GCQTPFN7;
						ProvisioningStyle = Automatic;
					};
				};
			};
			buildConfigurationList = DD824B351E42878A0046424B /* Build configuration list for PBXProject "$125 Million App" */;
			compatibilityVersion = "Xcode 3.2";
			developmentRegion = English;
			hasScannedForEncodings = 0;
			knownRegions = (
				en,
				Base,
			);
			mainGroup = DD824B311E42878A0046424B;
			productRefGroup = DD824B3B1E42878A0046424B /* Products */;
			projectDirPath = "";
			projectRoot = "";
			targets = (
				DD824B391E42878A0046424B /* $125 Million App */,
			);
		};
/* End PBXProject section */

/* Begin PBXResourcesBuildPhase section */
		DD824B381E42878A0046424B /* Resources */ = {
			isa = PBXResourcesBuildPhase;
			buildActionMask = 2147483647;
			files = (
				DD824B481E42878A0046424B /* LaunchScreen.storyboard in Resources */,
				DD824B451E42878A0046424B /* Assets.xcassets in Resources */,
				DD824B431E42878A0046424B /* Main.storyboard in Resources */,
			);
			runOnlyForDeploymentPostprocessing = 0;
		};
/* End PBXResourcesBuildPhase section */

/* Begin PBXSourcesBuildPhase section */
		DD824B361E42878A0046424B /* Sources */ = {
			isa = PBXSourcesBuildPhase;
			buildActionMask = 2147483647;
			files = (
				DD824B401E42878A0046424B /* ViewController.swift in Sources */,
				DD824B3E1E42878A0046424B /* AppDelegate.swift in Sources */,
			);
			runOnlyForDeploymentPostprocessing = 0;
		};
/* End PBXSourcesBuildPhase section */

/* Begin PBXVariantGroup section */
		DD824B411E42878A0046424B /* Main.storyboard */ = {
			isa = PBXVariantGroup;
			children = (
				DD824B421E42878A0046424B /* Base */,
			);
			name = Main.storyboard;
			sourceTree = "<group>";
		};
		DD824B461E42878A0046424B /* LaunchScreen.storyboard */ = {
			isa = PBXVariantGroup;
			children = (
				DD824B471E42878A0046424B /* Base */,
			);
			name = LaunchScreen.storyboard;
			sourceTree = "<group>";
		};
/* End PBXVariantGroup section */

/* Begin XCBuildConfiguration section */
		DD824B4A1E42878A0046424B /* Debug */ = {
			isa = XCBuildConfiguration;
			buildSettings = {
				ALWAYS_SEARCH_USER_PATHS = NO;
				CLANG_ANALYZER_NONNULL = YES;
				CLANG_CXX_LANGUAGE_STANDARD = "gnu++0x";
				CLANG_CXX_LIBRARY = "libc++";
				CLANG_ENABLE_MODULES = YES;
				CLANG_ENABLE_OBJC_ARC = YES;
				CLANG_WARN_BOOL_CONVERSION = YES;
				CLANG_WARN_CONSTANT_CONVERSION = YES;
				CLANG_WARN_DIRECT_OBJC_ISA_USAGE = YES_ERROR;
				CLANG_WARN_DOCUMENTATION_COMMENTS = YES;
				CLANG_WARN_EMPTY_BODY = YES;
				CLANG_WARN_ENUM_CONVERSION = YES;
				CLANG_WARN_INFINITE_RECURSION = YES;
				CLANG_WARN_INT_CONVERSION = YES;
				CLANG_WARN_OBJC_ROOT_CLASS = YES_ERROR;
				CLANG_WARN_SUSPICIOUS_MOVE = YES;
				CLANG_WARN_UNREACHABLE_CODE = YES;
				CLANG_WARN__DUPLICATE_METHOD_MATCH = YES;
				"CODE_SIGN_IDENTITY[sdk=iphoneos*]" = "iPhone Developer";
				COPY_PHASE_STRIP = NO;
				DEBUG_INFORMATION_FORMAT = dwarf;
				ENABLE_STRICT_OBJC_MSGSEND = YES;
				ENABLE_TESTABILITY = YES;
				GCC_C_LANGUAGE_STANDARD = gnu99;
				GCC_DYNAMIC_NO_PIC = NO;
				GCC_NO_COMMON_BLOCKS = YES;
				GCC_OPTIMIZATION_LEVEL = 0;
				GCC_PREPROCESSOR_DEFINITIONS = (
					"DEBUG=1",
					"$(inherited)",
				);
				GCC_WARN_64_TO_32_BIT_CONVERSION = YES;
				GCC_WARN_ABOUT_RETURN_TYPE = YES_ERROR;
				GCC_WARN_UNDECLARED_SELECTOR = YES;
				GCC_WARN_UNINITIALIZED_AUTOS = YES_AGGRESSIVE;
				GCC_WARN_UNUSED_FUNCTION = YES;
				GCC_WARN_UNUSED_VARIABLE = YES;
				IPHONEOS_DEPLOYMENT_TARGET = 10.2;
				MTL_ENABLE_DEBUG_INFO = YES;
				ONLY_ACTIVE_ARCH = YES;
				SDKROOT = iphoneos;
				SWIFT_ACTIVE_COMPILATION_CONDITIONS = DEBUG;
				SWIFT_OPTIMIZATION_LEVEL = "-Onone";
				TARGETED_DEVICE_FAMILY = "1,2";
			};
			name = Debug;
		};
		DD824B4B1E42878A0046424B /* Release */ = {
			isa = XCBuildConfiguration;
			buildSettings = {
				ALWAYS_SEARCH_USER_PATHS = NO;
				CLANG_ANALYZER_NONNULL = YES;
				CLANG_CXX_LANGUAGE_STANDARD = "gnu++0x";
				CLANG_CXX_LIBRARY = "libc++";
				CLANG_ENABLE_MODULES = YES;
				CLANG_ENABLE_OBJC_ARC = YES;
				CLANG_WARN_BOOL_CONVERSION = YES;
				CLANG_WARN_CONSTANT_CONVERSION = YES;
				CLANG_WARN_DIRECT_OBJC_ISA_USAGE = YES_ERROR;
				CLANG_WARN_DOCUMENTATION_COMMENTS = YES;
				CLANG_WARN_EMPTY_BODY = YES;
				CLANG_WARN_ENUM_CONVERSION = YES;
				CLANG_WARN_INFINITE_RECURSION = YES;
				CLANG_WARN_INT_CONVERSION = YES;
				CLANG_WARN_OBJC_ROOT_CLASS = YES_ERROR;
				CLANG_WARN_SUSPICIOUS_MOVE = YES;
				CLANG_WARN_UNREACHABLE_CODE = YES;
				CLANG_WARN__DUPLICATE_METHOD_MATCH = YES;
				"CODE_SIGN_IDENTITY[sdk=iphoneos*]" = "iPhone Developer";
				COPY_PHASE_STRIP = NO;
				DEBUG_INFORMATION_FORMAT = "dwarf-with-dsym";
				ENABLE_NS_ASSERTIONS = NO;
				ENABLE_STRICT_OBJC_MSGSEND = YES;
				GCC_C_LANGUAGE_STANDARD = gnu99;
				GCC_NO_COMMON_BLOCKS = YES;
				GCC_WARN_64_TO_32_BIT_CONVERSION = YES;
				GCC_WARN_ABOUT_RETURN_TYPE = YES_ERROR;
				GCC_WARN_UNDECLARED_SELECTOR = YES;
				GCC_WARN_UNINITIALIZED_AUTOS = YES_AGGRESSIVE;
				GCC_WARN_UNUSED_FUNCTION = YES;
				GCC_WARN_UNUSED_VARIABLE = YES;
				IPHONEOS_DEPLOYMENT_TARGET = 10.2;
				MTL_ENABLE_DEBUG_INFO = NO;
				SDKROOT = iphoneos;
				SWIFT_OPTIMIZATION_LEVEL = "-Owholemodule";
				TARGETED_DEVICE_FAMILY = "1,2";
				VALIDATE_PRODUCT = YES;
			};
			name = Release;
		};
		DD824B4D1E42878A0046424B /* Debug */ = {
			isa = XCBuildConfiguration;
			buildSettings = {
				ASSETCATALOG_COMPILER_APPICON_NAME = AppIcon;
				DEVELOPMENT_TEAM = E2GCQTPFN7;
				INFOPLIST_FILE = "$125 Million App/Info.plist";
				LD_RUNPATH_SEARCH_PATHS = "$(inherited) @executable_path/Frameworks";
				PRODUCT_BUNDLE_IDENTIFIER = "com.Dady.-125-Million-App";
				PRODUCT_NAME = "$(TARGET_NAME)";
				SWIFT_VERSION = 3.0;
			};
			name = Debug;
		};
		DD824B4E1E42878A0046424B /* Release */ = {
			isa = XCBuildConfiguration;
			buildSettings = {
				ASSETCATALOG_COMPILER_APPICON_NAME = AppIcon;
				DEVELOPMENT_TEAM = E2GCQTPFN7;
				INFOPLIST_FILE = "$125 Million App/Info.plist";
				LD_RUNPATH_SEARCH_PATHS = "$(inherited) @executable_path/Frameworks";
				PRODUCT_BUNDLE_IDENTIFIER = "com.Dady.-125-Million-App";
				PRODUCT_NAME = "$(TARGET_NAME)";
				SWIFT_VERSION = 3.0;
			};
			name = Release;
		};
/* End XCBuildConfiguration section */

/* Begin XCConfigurationList section */
		DD824B351E42878A0046424B /* Build configuration list for PBXProject "$125 Million App" */ = {
			isa = XCConfigurationList;
			buildConfigurations = (
				DD824B4A1E42878A0046424B /* Debug */,
				DD824B4B1E42878A0046424B /* Release */,
			);
			defaultConfigurationIsVisible = 0;
			defaultConfigurationName = Release;
		};
		DD824B4C1E42878A0046424B /* Build configuration list for PBXNativeTarget "$125 Million App" */ = {
			isa = XCConfigurationList;
			buildConfigurations = (
				DD824B4D1E42878A0046424B /* Debug */,
				DD824B4E1E42878A0046424B /* Release */,
			);
			defaultConfigurationIsVisible = 0;
		};
/* End XCConfigurationList section */
	};
	rootObject = DD824B321E42878A0046424B /* Project object */;
}
